
Microsoft Visual Studio Solution File, Format Version 12.00
# Visual Studio 15
VisualStudioVersion = 15.0.26124.0
MinimumVisualStudioVersion = 15.0.26124.0
Project("{FAE04EC0-301F-11D3-BF4B-00C04F79EFBC}") = "student-service", "student-service\student-service.csproj", "{F768519B-0975-413E-8E78-91E66398EF8E}"
EndProject
Project("{FAE04EC0-301F-11D3-BF4B-00C04F79EFBC}") = "school-service", "school-service\school-service.csproj", "{2839B47C-4285-4718-A06E-5D20094E27B4}"
EndProject
Global
	GlobalSection(SolutionConfigurationPlatforms) = preSolution
		Debug|Any CPU = Debug|Any CPU
		Debug|x64 = Debug|x64
		Debug|x86 = Debug|x86
		Release|Any CPU = Release|Any CPU
		Release|x64 = Release|x64
		Release|x86 = Release|x86
	EndGlobalSection
	GlobalSection(SolutionProperties) = preSolution
		HideSolutionNode = FALSE
	EndGlobalSection
	GlobalSection(ProjectConfigurationPlatforms) = postSolution
		{F768519B-0975-413E-8E78-91E66398EF8E}.Debug|Any CPU.ActiveCfg = Debug|Any CPU
		{F768519B-0975-413E-8E78-91E66398EF8E}.Debug|Any CPU.Build.0 = Debug|Any CPU
		{F768519B-0975-413E-8E78-91E66398EF8E}.Debug|x64.ActiveCfg = Debug|Any CPU
		{F768519B-0975-413E-8E78-91E66398EF8E}.Debug|x64.Build.0 = Debug|Any CPU
		{F768519B-0975-413E-8E78-91E66398EF8E}.Debug|x86.ActiveCfg = Debug|Any CPU
		{F768519B-0975-413E-8E78-91E66398EF8E}.Debug|x86.Build.0 = Debug|Any CPU
		{F768519B-0975-413E-8E78-91E66398EF8E}.Release|Any CPU.ActiveCfg = Release|Any CPU
		{F768519B-0975-413E-8E78-91E66398EF8E}.Release|Any CPU.Build.0 = Release|Any CPU
		{F768519B-0975-413E-8E78-91E66398EF8E}.Release|x64.ActiveCfg = Release|Any CPU
		{F768519B-0975-413E-8E78-91E66398EF8E}.Release|x64.Build.0 = Release|Any CPU
		{F768519B-0975-413E-8E78-91E66398EF8E}.Release|x86.ActiveCfg = Release|Any CPU
		{F768519B-0975-413E-8E78-91E66398EF8E}.Release|x86.Build.0 = Release|Any CPU
		{2839B47C-4285-4718-A06E-5D20094E27B4}.Debug|Any CPU.ActiveCfg = Debug|Any CPU
		{2839B47C-4285-4718-A06E-5D20094E27B4}.Debug|Any CPU.Build.0 = Debug|Any CPU
		{2839B47C-4285-4718-A06E-5D20094E27B4}.Debug|x64.ActiveCfg = Debug|Any CPU
		{2839B47C-4285-4718-A06E-5D20094E27B4}.Debug|x64.Build.0 = Debug|Any CPU
		{2839B47C-4285-4718-A06E-5D20094E27B4}.Debug|x86.ActiveCfg = Debug|Any CPU
		{2839B47C-4285-4718-A06E-5D20094E27B4}.Debug|x86.Build.0 = Debug|Any CPU
		{2839B47C-4285-4718-A06E-5D20094E27B4}.Release|Any CPU.ActiveCfg = Release|Any CPU
		{2839B47C-4285-4718-A06E-5D20094E27B4}.Release|Any CPU.Build.0 = Release|Any CPU
		{2839B47C-4285-4718-A06E-5D20094E27B4}.Release|x64.ActiveCfg = Release|Any CPU
		{2839B47C-4285-4718-A06E-5D20094E27B4}.Release|x64.Build.0 = Release|Any CPU
		{2839B47C-4285-4718-A06E-5D20094E27B4}.Release|x86.ActiveCfg = Release|Any CPU
		{2839B47C-4285-4718-A06E-5D20094E27B4}.Release|x86.Build.0 = Release|Any CPU
	EndGlobalSection
EndGlobal
